
Microsoft Visual Studio Solution File, Format Version 12.00
# Visual Studio Version 16
VisualStudioVersion = 16.0.29519.87
MinimumVisualStudioVersion = 10.0.40219.1
Project("{FAE04EC0-301F-11D3-BF4B-00C04F79EFBC}") = "DoorControlFakes2", "DoorControlFakes2\DoorControlFakes2.csproj", "{10AB8835-6AD0-43C1-88E8-38F751EA4600}"
EndProject
Project("{FAE04EC0-301F-11D3-BF4B-00C04F79EFBC}") = "DoorControlUnitTest", "DoorControl.Unit.Test\DoorControlUnitTest.csproj", "{1073B95B-CA94-4EC6-9A6B-8632DE4449A0}"
EndProject
Global
	GlobalSection(SolutionConfigurationPlatforms) = preSolution
		Debug|Any CPU = Debug|Any CPU
		Release|Any CPU = Release|Any CPU
	EndGlobalSection
	GlobalSection(ProjectConfigurationPlatforms) = postSolution
		{10AB8835-6AD0-43C1-88E8-38F751EA4600}.Debug|Any CPU.ActiveCfg = Debug|Any CPU
		{10AB8835-6AD0-43C1-88E8-38F751EA4600}.Debug|Any CPU.Build.0 = Debug|Any CPU
		{10AB8835-6AD0-43C1-88E8-38F751EA4600}.Release|Any CPU.ActiveCfg = Release|Any CPU
		{10AB8835-6AD0-43C1-88E8-38F751EA4600}.Release|Any CPU.Build.0 = Release|Any CPU
		{1073B95B-CA94-4EC6-9A6B-8632DE4449A0}.Debug|Any CPU.ActiveCfg = Debug|Any CPU
		{1073B95B-CA94-4EC6-9A6B-8632DE4449A0}.Debug|Any CPU.Build.0 = Debug|Any CPU
		{1073B95B-CA94-4EC6-9A6B-8632DE4449A0}.Release|Any CPU.ActiveCfg = Release|Any CPU
		{1073B95B-CA94-4EC6-9A6B-8632DE4449A0}.Release|Any CPU.Build.0 = Release|Any CPU
	EndGlobalSection
	GlobalSection(SolutionProperties) = preSolution
		HideSolutionNode = FALSE
	EndGlobalSection
	GlobalSection(ExtensibilityGlobals) = postSolution
		SolutionGuid = {EF182208-3D01-410A-9A92-59B57743E529}
	EndGlobalSection
EndGlobal
